
Microsoft Visual Studio Solution File, Format Version 12.00
# Visual Studio 15
VisualStudioVersion = 15.0.28307.852
MinimumVisualStudioVersion = 10.0.40219.1
Project("{9A19103F-16F7-4668-BE54-9A1E7A4F7556}") = "Test.Novaon.Web", "Test.Novaon.Web\Test.Novaon.Web.csproj", "{706172B0-01EB-4F83-A4CC-52ADC48D4563}"
EndProject
Project("{2150E333-8FDC-42A3-9474-1A3956D46DE8}") = "src", "src", "{1FE4A4F3-7EE0-4E82-A891-A7023B87F2C1}"
	ProjectSection(SolutionItems) = preProject
		Readme.md = Readme.md
	EndProjectSection
EndProject
Global
	GlobalSection(SolutionConfigurationPlatforms) = preSolution
		Debug|Any CPU = Debug|Any CPU
		Release|Any CPU = Release|Any CPU
	EndGlobalSection
	GlobalSection(ProjectConfigurationPlatforms) = postSolution
		{706172B0-01EB-4F83-A4CC-52ADC48D4563}.Debug|Any CPU.ActiveCfg = Debug|Any CPU
		{706172B0-01EB-4F83-A4CC-52ADC48D4563}.Debug|Any CPU.Build.0 = Debug|Any CPU
		{706172B0-01EB-4F83-A4CC-52ADC48D4563}.Release|Any CPU.ActiveCfg = Release|Any CPU
		{706172B0-01EB-4F83-A4CC-52ADC48D4563}.Release|Any CPU.Build.0 = Release|Any CPU
	EndGlobalSection
	GlobalSection(SolutionProperties) = preSolution
		HideSolutionNode = FALSE
	EndGlobalSection
	GlobalSection(ExtensibilityGlobals) = postSolution
		SolutionGuid = {7D77FB40-7739-4764-B9A7-3B707B152FBD}
	EndGlobalSection
EndGlobal
